
Microsoft Visual Studio Solution File, Format Version 12.00
# Visual Studio Version 17
VisualStudioVersion = 17.7.34031.279
MinimumVisualStudioVersion = 10.0.40219.1
Project("{FAE04EC0-301F-11D3-BF4B-00C04F79EFBC}") = "TpLabo2", "TpLabo2\TpLabo2.csproj", "{A07C30C7-9B6C-45E7-8882-0F6E76B3E492}"
EndProject
Global
	GlobalSection(SolutionConfigurationPlatforms) = preSolution
		Debug|Any CPU = Debug|Any CPU
		Release|Any CPU = Release|Any CPU
	EndGlobalSection
	GlobalSection(ProjectConfigurationPlatforms) = postSolution
		{A07C30C7-9B6C-45E7-8882-0F6E76B3E492}.Debug|Any CPU.ActiveCfg = Debug|Any CPU
		{A07C30C7-9B6C-45E7-8882-0F6E76B3E492}.Debug|Any CPU.Build.0 = Debug|Any CPU
		{A07C30C7-9B6C-45E7-8882-0F6E76B3E492}.Release|Any CPU.ActiveCfg = Release|Any CPU
		{A07C30C7-9B6C-45E7-8882-0F6E76B3E492}.Release|Any CPU.Build.0 = Release|Any CPU
	EndGlobalSection
	GlobalSection(SolutionProperties) = preSolution
		HideSolutionNode = FALSE
	EndGlobalSection
	GlobalSection(ExtensibilityGlobals) = postSolution
		SolutionGuid = {4CBB7E05-1E60-4B63-BF90-85D78DF34989}
	EndGlobalSection
EndGlobal
